
Microsoft Visual Studio Solution File, Format Version 12.00
# Visual Studio 15
VisualStudioVersion = 15.0.28010.2036
MinimumVisualStudioVersion = 10.0.40219.1
Project("{888888A0-9F3D-457C-B088-3A5042F75D52}") = "DRS", "DRS.pyproj", "{B61A3EFC-1177-4DD0-8E35-A1F96CF51BEC}"
EndProject
Global
	GlobalSection(SolutionConfigurationPlatforms) = preSolution
		Debug|Any CPU = Debug|Any CPU
		Release|Any CPU = Release|Any CPU
	EndGlobalSection
	GlobalSection(ProjectConfigurationPlatforms) = postSolution
		{B61A3EFC-1177-4DD0-8E35-A1F96CF51BEC}.Debug|Any CPU.ActiveCfg = Debug|Any CPU
		{B61A3EFC-1177-4DD0-8E35-A1F96CF51BEC}.Release|Any CPU.ActiveCfg = Release|Any CPU
	EndGlobalSection
	GlobalSection(SolutionProperties) = preSolution
		HideSolutionNode = FALSE
	EndGlobalSection
	GlobalSection(ExtensibilityGlobals) = postSolution
		SolutionGuid = {CAB0895C-D7C6-475D-B5DC-C8093777A047}
	EndGlobalSection
EndGlobal
